
Microsoft Visual Studio Solution File, Format Version 12.00
# Visual Studio Version 17
VisualStudioVersion = 17.14.36109.1 d17.14
MinimumVisualStudioVersion = 10.0.40219.1
Project("{FAE04EC0-301F-11D3-BF4B-00C04F79EFBC}") = "Orders.Api", "OrderApi\Orders.Api.csproj", "{08AD0066-8142-495C-96FB-81828D9CD8AF}"
EndProject
Project("{FAE04EC0-301F-11D3-BF4B-00C04F79EFBC}") = "Orders.Domain", "Orders.Domain\Orders.Domain.csproj", "{50E96F0F-8826-4B4B-A191-C6CD75771CA5}"
EndProject
Project("{FAE04EC0-301F-11D3-BF4B-00C04F79EFBC}") = "Orders.Infra", "Orders.Infra\Orders.Infra.csproj", "{21C92965-A576-45A4-9655-338A96C1194A}"
EndProject
Global
	GlobalSection(SolutionConfigurationPlatforms) = preSolution
		Debug|Any CPU = Debug|Any CPU
		Release|Any CPU = Release|Any CPU
	EndGlobalSection
	GlobalSection(ProjectConfigurationPlatforms) = postSolution
		{08AD0066-8142-495C-96FB-81828D9CD8AF}.Debug|Any CPU.ActiveCfg = Debug|Any CPU
		{08AD0066-8142-495C-96FB-81828D9CD8AF}.Debug|Any CPU.Build.0 = Debug|Any CPU
		{08AD0066-8142-495C-96FB-81828D9CD8AF}.Release|Any CPU.ActiveCfg = Release|Any CPU
		{08AD0066-8142-495C-96FB-81828D9CD8AF}.Release|Any CPU.Build.0 = Release|Any CPU
		{50E96F0F-8826-4B4B-A191-C6CD75771CA5}.Debug|Any CPU.ActiveCfg = Debug|Any CPU
		{50E96F0F-8826-4B4B-A191-C6CD75771CA5}.Debug|Any CPU.Build.0 = Debug|Any CPU
		{50E96F0F-8826-4B4B-A191-C6CD75771CA5}.Release|Any CPU.ActiveCfg = Release|Any CPU
		{50E96F0F-8826-4B4B-A191-C6CD75771CA5}.Release|Any CPU.Build.0 = Release|Any CPU
		{21C92965-A576-45A4-9655-338A96C1194A}.Debug|Any CPU.ActiveCfg = Debug|Any CPU
		{21C92965-A576-45A4-9655-338A96C1194A}.Debug|Any CPU.Build.0 = Debug|Any CPU
		{21C92965-A576-45A4-9655-338A96C1194A}.Release|Any CPU.ActiveCfg = Release|Any CPU
		{21C92965-A576-45A4-9655-338A96C1194A}.Release|Any CPU.Build.0 = Release|Any CPU
	EndGlobalSection
	GlobalSection(SolutionProperties) = preSolution
		HideSolutionNode = FALSE
	EndGlobalSection
	GlobalSection(ExtensibilityGlobals) = postSolution
		SolutionGuid = {4C4ED982-FFBE-46EB-88D1-68E82290E0BA}
	EndGlobalSection
EndGlobal
